
Microsoft Visual Studio Solution File, Format Version 12.00
# Visual Studio Version 16
VisualStudioVersion = 16.0.31005.135
MinimumVisualStudioVersion = 10.0.40219.1
Project("{9A19103F-16F7-4668-BE54-9A1E7A4F7556}") = "GFFDCC_HFT_2021221.Client", "GFFDCC_HFT_2021221.Client\GFFDCC_HFT_2021221.Client.csproj", "{C35F9FBF-3A72-4639-A982-28787AFDF4EE}"
EndProject
Project("{9A19103F-16F7-4668-BE54-9A1E7A4F7556}") = "GFFDCC_HFT_2021221.Models", "GFFDCC_HFT_2021221.Models\GFFDCC_HFT_2021221.Models.csproj", "{7998FDF9-3D53-472A-90A5-BC228C74F084}"
EndProject
Project("{9A19103F-16F7-4668-BE54-9A1E7A4F7556}") = "GFFDCC_HFT_2021221.Data", "GFFDCC_HFT_2021221.Data\GFFDCC_HFT_2021221.Data.csproj", "{4F3AF6DB-B5B5-4B2E-A629-8E0AB0874F68}"
EndProject
Project("{9A19103F-16F7-4668-BE54-9A1E7A4F7556}") = "GFFDCC_HFT_2021221.Logic", "GFFDCC_HFT_2021221.Logic\GFFDCC_HFT_2021221.Logic.csproj", "{B73BF81D-1F2E-445C-B5E4-91A4107C7A56}"
EndProject
Project("{9A19103F-16F7-4668-BE54-9A1E7A4F7556}") = "GFFDCC_HFT_2021221.Repository", "GFFDCC_HFT_2021221.Repository\GFFDCC_HFT_2021221.Repository.csproj", "{1F0D5FA8-20DE-4A7B-AD39-C88A908D544A}"
EndProject
Project("{9A19103F-16F7-4668-BE54-9A1E7A4F7556}") = "GFFDCC_HFT_2021221.Endpoint", "GFFDCC_HFT_2021221.Endpoint\GFFDCC_HFT_2021221.Endpoint.csproj", "{C7F9AA24-C5E9-412A-9E9A-C4AE3051211C}"
EndProject
Project("{9A19103F-16F7-4668-BE54-9A1E7A4F7556}") = "GFFDCC_HFT_2021221.Test", "GFFDCC_HFT_2021221.Test\GFFDCC_HFT_2021221.Test.csproj", "{4D9C4C8A-225C-47CE-BB9A-A44F2487D7FB}"
EndProject
Project("{2150E333-8FDC-42A3-9474-1A3956D46DE8}") = "Backend", "Backend", "{95727CB1-E38A-4B6C-8FF4-5C57256B5A58}"
EndProject
Project("{2150E333-8FDC-42A3-9474-1A3956D46DE8}") = "Frontend", "Frontend", "{E05730D4-CC40-44BC-B15F-86D5755D84B8}"
EndProject
Project("{2150E333-8FDC-42A3-9474-1A3956D46DE8}") = "Shared", "Shared", "{D9EB5C81-D6AD-454E-BF93-71D52B04370E}"
EndProject
Project("{2150E333-8FDC-42A3-9474-1A3956D46DE8}") = "Others", "Others", "{43D39070-38F6-4E5F-ADA9-B5958D62548B}"
	ProjectSection(SolutionItems) = preProject
		.gitignore = .gitignore
	EndProjectSection
EndProject
Project("{2150E333-8FDC-42A3-9474-1A3956D46DE8}") = "JSClient", "JSClient", "{DE559A92-2D09-4E91-AF1F-043B2D1B02C0}"
EndProject
Project("{9A19103F-16F7-4668-BE54-9A1E7A4F7556}") = "GFFDCC_HFT_2021221.JSClient", "GFFDCC_HFT_2021221.JSClient\GFFDCC_HFT_2021221.JSClient.csproj", "{3EC8D596-4430-42EE-A990-B33C98922445}"
EndProject
Project("{2150E333-8FDC-42A3-9474-1A3956D46DE8}") = "WpfClient", "WpfClient", "{6EEBD84A-C52A-4D1C-88F6-09EBB8D4D641}"
EndProject
Project("{FAE04EC0-301F-11D3-BF4B-00C04F79EFBC}") = "GFFDCC_HFT_2021221.WpfClient", "GFFDCC_HFT_2021221.WpfClient\GFFDCC_HFT_2021221.WpfClient.csproj", "{D7D89164-B17D-4C0F-B5FD-241B1EBE901E}"
EndProject
Global
	GlobalSection(SolutionConfigurationPlatforms) = preSolution
		Debug|Any CPU = Debug|Any CPU
		Release|Any CPU = Release|Any CPU
	EndGlobalSection
	GlobalSection(ProjectConfigurationPlatforms) = postSolution
		{C35F9FBF-3A72-4639-A982-28787AFDF4EE}.Debug|Any CPU.ActiveCfg = Debug|Any CPU
		{C35F9FBF-3A72-4639-A982-28787AFDF4EE}.Debug|Any CPU.Build.0 = Debug|Any CPU
		{C35F9FBF-3A72-4639-A982-28787AFDF4EE}.Release|Any CPU.ActiveCfg = Release|Any CPU
		{C35F9FBF-3A72-4639-A982-28787AFDF4EE}.Release|Any CPU.Build.0 = Release|Any CPU
		{7998FDF9-3D53-472A-90A5-BC228C74F084}.Debug|Any CPU.ActiveCfg = Debug|Any CPU
		{7998FDF9-3D53-472A-90A5-BC228C74F084}.Debug|Any CPU.Build.0 = Debug|Any CPU
		{7998FDF9-3D53-472A-90A5-BC228C74F084}.Release|Any CPU.ActiveCfg = Release|Any CPU
		{7998FDF9-3D53-472A-90A5-BC228C74F084}.Release|Any CPU.Build.0 = Release|Any CPU
		{4F3AF6DB-B5B5-4B2E-A629-8E0AB0874F68}.Debug|Any CPU.ActiveCfg = Debug|Any CPU
		{4F3AF6DB-B5B5-4B2E-A629-8E0AB0874F68}.Debug|Any CPU.Build.0 = Debug|Any CPU
		{4F3AF6DB-B5B5-4B2E-A629-8E0AB0874F68}.Release|Any CPU.ActiveCfg = Release|Any CPU
		{4F3AF6DB-B5B5-4B2E-A629-8E0AB0874F68}.Release|Any CPU.Build.0 = Release|Any CPU
		{B73BF81D-1F2E-445C-B5E4-91A4107C7A56}.Debug|Any CPU.ActiveCfg = Debug|Any CPU
		{B73BF81D-1F2E-445C-B5E4-91A4107C7A56}.Debug|Any CPU.Build.0 = Debug|Any CPU
		{B73BF81D-1F2E-445C-B5E4-91A4107C7A56}.Release|Any CPU.ActiveCfg = Release|Any CPU
		{B73BF81D-1F2E-445C-B5E4-91A4107C7A56}.Release|Any CPU.Build.0 = Release|Any CPU
		{1F0D5FA8-20DE-4A7B-AD39-C88A908D544A}.Debug|Any CPU.ActiveCfg = Debug|Any CPU
		{1F0D5FA8-20DE-4A7B-AD39-C88A908D544A}.Debug|Any CPU.Build.0 = Debug|Any CPU
		{1F0D5FA8-20DE-4A7B-AD39-C88A908D544A}.Release|Any CPU.ActiveCfg = Release|Any CPU
		{1F0D5FA8-20DE-4A7B-AD39-C88A908D544A}.Release|Any CPU.Build.0 = Release|Any CPU
		{C7F9AA24-C5E9-412A-9E9A-C4AE3051211C}.Debug|Any CPU.ActiveCfg = Debug|Any CPU
		{C7F9AA24-C5E9-412A-9E9A-C4AE3051211C}.Debug|Any CPU.Build.0 = Debug|Any CPU
		{C7F9AA24-C5E9-412A-9E9A-C4AE3051211C}.Release|Any CPU.ActiveCfg = Release|Any CPU
		{C7F9AA24-C5E9-412A-9E9A-C4AE3051211C}.Release|Any CPU.Build.0 = Release|Any CPU
		{4D9C4C8A-225C-47CE-BB9A-A44F2487D7FB}.Debug|Any CPU.ActiveCfg = Debug|Any CPU
		{4D9C4C8A-225C-47CE-BB9A-A44F2487D7FB}.Debug|Any CPU.Build.0 = Debug|Any CPU
		{4D9C4C8A-225C-47CE-BB9A-A44F2487D7FB}.Release|Any CPU.ActiveCfg = Release|Any CPU
		{4D9C4C8A-225C-47CE-BB9A-A44F2487D7FB}.Release|Any CPU.Build.0 = Release|Any CPU
		{3EC8D596-4430-42EE-A990-B33C98922445}.Debug|Any CPU.ActiveCfg = Debug|Any CPU
		{3EC8D596-4430-42EE-A990-B33C98922445}.Debug|Any CPU.Build.0 = Debug|Any CPU
		{3EC8D596-4430-42EE-A990-B33C98922445}.Release|Any CPU.ActiveCfg = Release|Any CPU
		{3EC8D596-4430-42EE-A990-B33C98922445}.Release|Any CPU.Build.0 = Release|Any CPU
		{D7D89164-B17D-4C0F-B5FD-241B1EBE901E}.Debug|Any CPU.ActiveCfg = Debug|Any CPU
		{D7D89164-B17D-4C0F-B5FD-241B1EBE901E}.Debug|Any CPU.Build.0 = Debug|Any CPU
		{D7D89164-B17D-4C0F-B5FD-241B1EBE901E}.Release|Any CPU.ActiveCfg = Release|Any CPU
		{D7D89164-B17D-4C0F-B5FD-241B1EBE901E}.Release|Any CPU.Build.0 = Release|Any CPU
	EndGlobalSection
	GlobalSection(SolutionProperties) = preSolution
		HideSolutionNode = FALSE
	EndGlobalSection
	GlobalSection(NestedProjects) = preSolution
		{C35F9FBF-3A72-4639-A982-28787AFDF4EE} = {E05730D4-CC40-44BC-B15F-86D5755D84B8}
		{7998FDF9-3D53-472A-90A5-BC228C74F084} = {D9EB5C81-D6AD-454E-BF93-71D52B04370E}
		{4F3AF6DB-B5B5-4B2E-A629-8E0AB0874F68} = {95727CB1-E38A-4B6C-8FF4-5C57256B5A58}
		{B73BF81D-1F2E-445C-B5E4-91A4107C7A56} = {95727CB1-E38A-4B6C-8FF4-5C57256B5A58}
		{1F0D5FA8-20DE-4A7B-AD39-C88A908D544A} = {95727CB1-E38A-4B6C-8FF4-5C57256B5A58}
		{C7F9AA24-C5E9-412A-9E9A-C4AE3051211C} = {95727CB1-E38A-4B6C-8FF4-5C57256B5A58}
		{4D9C4C8A-225C-47CE-BB9A-A44F2487D7FB} = {95727CB1-E38A-4B6C-8FF4-5C57256B5A58}
		{3EC8D596-4430-42EE-A990-B33C98922445} = {DE559A92-2D09-4E91-AF1F-043B2D1B02C0}
		{D7D89164-B17D-4C0F-B5FD-241B1EBE901E} = {6EEBD84A-C52A-4D1C-88F6-09EBB8D4D641}
	EndGlobalSection
	GlobalSection(ExtensibilityGlobals) = postSolution
		SolutionGuid = {E5028E62-DDDA-4A08-BFE0-77535A15F7E0}
	EndGlobalSection
EndGlobal
